
Microsoft Visual Studio Solution File, Format Version 12.00
# Visual Studio Version 16
VisualStudioVersion = 16.0.37627.13
MinimumVisualStudioVersion = 10.0.40219.1
Project("{2150E333-8FDC-42A3-9474-1A3956D46DE8}") = "Task0", "Task0", "{D6678A74-708B-484F-8EDC-E78F82C4115B}"
EndProject
Project("{F184B08F-C81C-45F6-A57F-5ABD9991F28F}") = "Tyuiu.MikhailovSV.Sprint0.Task0.V0", "Tyuiu.MikhailovSV.Sprint0.Task0.V0\Tyuiu.MikhailovSV.Sprint0.Task0.V0.vbproj", "{2AF4B286-DCEF-47B7-8CAA-C4C0BF0B3FD1}"
EndProject
Project("{2150E333-8FDC-42A3-9474-1A3956D46DE8}") = "Task1", "Task1", "{3C243657-6D6C-489A-9A51-14C10EA9CC1D}"
EndProject
Project("{FAE04EC0-301F-11D3-BF4B-00C04F79EFBC}") = "Tyuiu.MikhailovSV.Sprint0.Task1.V0", "Tyuiu.MikhailovSV.Sprint0.Task1.V0\Tyuiu.MikhailovSV.Sprint0.Task1.V0\Tyuiu.MikhailovSV.Sprint0.Task1.V0.csproj", "{D3032F89-2570-45D5-9C85-D062A9018139}"
EndProject
Project("{2150E333-8FDC-42A3-9474-1A3956D46DE8}") = "Task2", "Task2", "{E2B0302D-A2DA-410A-B60C-22B308284AC1}"
EndProject
Project("{FAE04EC0-301F-11D3-BF4B-00C04F79EFBC}") = "Tyuiu.MikhailovSV.Sprin0.Task3.V0", "Tyuiu.MikhailovSV.Sprin0.Task2.V0\Tyuiu.MikhailovSV.Sprin0.Task3.V0.csproj", "{47B1D565-4244-44BA-A673-5BAB3A2261A8}"
EndProject
Project("{FAE04EC0-301F-11D3-BF4B-00C04F79EFBC}") = "Tyuiu.MikhailovSV.Sprint0.Task3.V0.Lib", "Tyuiu.MikhailovSV.Sprint0.Task.V0.Lib\Tyuiu.MikhailovSV.Sprint0.Task3.V0.Lib.csproj", "{E568119C-E91C-458F-B440-377896771479}"
EndProject
Project("{FAE04EC0-301F-11D3-BF4B-00C04F79EFBC}") = "Tyuiu.MikhailovSV.Sprint0.Task3.V0.Test", "ert\Tyuiu.MikhailovSV.Sprint0.Task3.V0.Test.csproj", "{CC859A94-8385-452B-9CA2-1196D25130FD}"
EndProject
Project("{2150E333-8FDC-42A3-9474-1A3956D46DE8}") = "Task3", "Task3", "{BD8ED93A-75B0-479A-9BB6-5CE2FB833FAB}"
EndProject
Project("{FAE04EC0-301F-11D3-BF4B-00C04F79EFBC}") = "Tyuiu.MikhailovSV.Sprint0.Task3.V0", "Tyuiu.MikhailovSV.Sprint0.Task3.V0\Tyuiu.MikhailovSV.Sprint0.Task3.V0.csproj", "{6D255FA0-6DA3-493B-B1A4-B92A3ADAFEBB}"
EndProject
Project("{FAE04EC0-301F-11D3-BF4B-00C04F79EFBC}") = "Tyuiu.MikhailovSV.Sprint0.Task3.V0.Test", "Tyuiu.MikhailovSV.Sprint0.Task3.V0.Test\Tyuiu.MikhailovSV.Sprint0.Task3.V0.Test.csproj", "{B93D926E-8A28-4EA4-8385-DC244853AAA3}"
EndProject
Project("{FAE04EC0-301F-11D3-BF4B-00C04F79EFBC}") = "Tyuiu.MikhailovSV.Sprint0.Task3.V0.Lib", "Tyuiu.MikhailovSV.Sprint0.Task3.V0.Lib\Tyuiu.MikhailovSV.Sprint0.Task3.V0.Lib.csproj", "{6F682EF7-5271-4943-808F-CCA27229D8B6}"
EndProject
Project("{2150E333-8FDC-42A3-9474-1A3956D46DE8}") = "Task4", "Task4", "{AE6CD9EC-F974-451A-A3AE-3315C9DF64EA}"
EndProject
Project("{FAE04EC0-301F-11D3-BF4B-00C04F79EFBC}") = "Tyuiu.MikhailovSV.Sprint0.Task4.V0.Lib", "Tyuiu.MikhailovSV.Sprint0.Task4.V0.Lib\Tyuiu.MikhailovSV.Sprint0.Task4.V0.Lib.csproj", "{CB1FFEE8-53D9-4966-BE46-FE34B2F9DDB1}"
EndProject
Project("{FAE04EC0-301F-11D3-BF4B-00C04F79EFBC}") = "Tyuiu.MikhailovSV.Sprint0.Task4.V0", "Tyuiu.MikhailovSV.Sprint0.Task4.V0\Tyuiu.MikhailovSV.Sprint0.Task4.V0.csproj", "{9CE766A4-3D0F-4CE2-B829-CA32BA0C4053}"
EndProject
Project("{FAE04EC0-301F-11D3-BF4B-00C04F79EFBC}") = "Tyuiu.MikhailovSV.Sprint0.Task4.V0.Test", "Tyuiu.MikhailovSV.Sprint0.Task4.V0.Test\Tyuiu.MikhailovSV.Sprint0.Task4.V0.Test.csproj", "{9BFF5092-3D03-4180-B834-3EF9E48943C6}"
EndProject
Project("{2150E333-8FDC-42A3-9474-1A3956D46DE8}") = "Task5", "Task5", "{922C913B-2441-4E46-9DF8-6658DCF20387}"
EndProject
Project("{FAE04EC0-301F-11D3-BF4B-00C04F79EFBC}") = "Tyuiu.MikhailovSV.Sprint0.Task5.V0", "Tyuiu.MikhailovSV.Sprint0.Task5.V0\Tyuiu.MikhailovSV.Sprint0.Task5.V0.csproj", "{EC5343E0-F9E6-4926-9359-5872271CE14D}"
EndProject
Project("{FAE04EC0-301F-11D3-BF4B-00C04F79EFBC}") = "Tyuiu.MikhailovSV.Sprint0.Task5.V0.Lib", "Tyuiu.MikhailovSV.Sprint0.Task5.V0.Lib\Tyuiu.MikhailovSV.Sprint0.Task5.V0.Lib.csproj", "{262DB27A-CA5C-41B4-9353-B300090856E7}"
EndProject
Project("{FAE04EC0-301F-11D3-BF4B-00C04F79EFBC}") = "Tyuiu.MikhailovSV.Sprint0.Task5.V0.Test", "Tyuiu.MikhailovSV.Sprint0.Task5.V0.Test\Tyuiu.MikhailovSV.Sprint0.Task5.V0.Test.csproj", "{F1DD71DD-E973-4C8D-889B-839EBD0C29FE}"
EndProject
Project("{2150E333-8FDC-42A3-9474-1A3956D46DE8}") = "Task6", "Task6", "{67770398-7665-4C6D-8E2D-163796DFCC88}"
EndProject
Project("{FAE04EC0-301F-11D3-BF4B-00C04F79EFBC}") = "Tyuiu.MikhailovSV.Sprint0.Task6.V0.Test", "Tyuiu.MikhailovSV.Sprint0.Task6.V0.Test\Tyuiu.MikhailovSV.Sprint0.Task6.V0.Test.csproj", "{E351056F-C7A8-42A7-8B17-64929F8BCEE7}"
EndProject
Project("{FAE04EC0-301F-11D3-BF4B-00C04F79EFBC}") = "Tyuiu.MikhailovSV.Sprint0.Task6.V0.Lib", "Tyuiu.MikhailovSV.Sprint0.Task6.V0.Lib\Tyuiu.MikhailovSV.Sprint0.Task6.V0.Lib.csproj", "{F4A048A6-A068-4070-90EF-BE46DFCE45B4}"
EndProject
Project("{FAE04EC0-301F-11D3-BF4B-00C04F79EFBC}") = "Tyuiu.MikhailovSV.Sprint0.Task6.V0", "Tyuiu.MikhailovSV.Sprint0.Task6.V0\Tyuiu.MikhailovSV.Sprint0.Task6.V0.csproj", "{D1474C86-D0B0-4D0F-95F7-914577DC7391}"
EndProject
Project("{2150E333-8FDC-42A3-9474-1A3956D46DE8}") = "Task7", "Task7", "{B8DB30AB-CF11-4ADC-9A86-9D36337F94FF}"
EndProject
Project("{FAE04EC0-301F-11D3-BF4B-00C04F79EFBC}") = "Tyuiu.MikhailovSV.Sprint0.Task7.V0", "Tyuiu.MikhailovSV.Sprint0.Task7.V0\Tyuiu.MikhailovSV.Sprint0.Task7.V0.csproj", "{6ADB0949-1D88-4E90-86A1-D338C9F4E623}"
EndProject
Project("{FAE04EC0-301F-11D3-BF4B-00C04F79EFBC}") = "Tyuiu.MikhailovSV.Sprint0.Task7.V0.Lib", "Tyuiu.MikhailovSV.Sprint0.Task7.V0.Lib\Tyuiu.MikhailovSV.Sprint0.Task7.V0.Lib.csproj", "{25E367E5-1FFE-49ED-894A-0798B056FAF9}"
EndProject
Project("{FAE04EC0-301F-11D3-BF4B-00C04F79EFBC}") = "Tyuiu.MikhailovSV.Sprint0.Task7.V0.Test", "Tyuiu.MikhailovSV.Sprint0.Task7.V0.Test\Tyuiu.MikhailovSV.Sprint0.Task7.V0.Test.csproj", "{990D9817-8930-4E39-9C60-F2E978A6DFE1}"
EndProject
Global
	GlobalSection(SolutionConfigurationPlatforms) = preSolution
		Debug|Any CPU = Debug|Any CPU
		Release|Any CPU = Release|Any CPU
	EndGlobalSection
	GlobalSection(ProjectConfigurationPlatforms) = postSolution
		{2AF4B286-DCEF-47B7-8CAA-C4C0BF0B3FD1}.Debug|Any CPU.ActiveCfg = Debug|Any CPU
		{2AF4B286-DCEF-47B7-8CAA-C4C0BF0B3FD1}.Debug|Any CPU.Build.0 = Debug|Any CPU
		{2AF4B286-DCEF-47B7-8CAA-C4C0BF0B3FD1}.Release|Any CPU.ActiveCfg = Release|Any CPU
		{2AF4B286-DCEF-47B7-8CAA-C4C0BF0B3FD1}.Release|Any CPU.Build.0 = Release|Any CPU
		{D3032F89-2570-45D5-9C85-D062A9018139}.Debug|Any CPU.ActiveCfg = Debug|Any CPU
		{D3032F89-2570-45D5-9C85-D062A9018139}.Debug|Any CPU.Build.0 = Debug|Any CPU
		{D3032F89-2570-45D5-9C85-D062A9018139}.Release|Any CPU.ActiveCfg = Release|Any CPU
		{D3032F89-2570-45D5-9C85-D062A9018139}.Release|Any CPU.Build.0 = Release|Any CPU
		{47B1D565-4244-44BA-A673-5BAB3A2261A8}.Debug|Any CPU.ActiveCfg = Debug|Any CPU
		{47B1D565-4244-44BA-A673-5BAB3A2261A8}.Debug|Any CPU.Build.0 = Debug|Any CPU
		{47B1D565-4244-44BA-A673-5BAB3A2261A8}.Release|Any CPU.ActiveCfg = Release|Any CPU
		{47B1D565-4244-44BA-A673-5BAB3A2261A8}.Release|Any CPU.Build.0 = Release|Any CPU
		{E568119C-E91C-458F-B440-377896771479}.Debug|Any CPU.ActiveCfg = Debug|Any CPU
		{E568119C-E91C-458F-B440-377896771479}.Debug|Any CPU.Build.0 = Debug|Any CPU
		{E568119C-E91C-458F-B440-377896771479}.Release|Any CPU.ActiveCfg = Release|Any CPU
		{E568119C-E91C-458F-B440-377896771479}.Release|Any CPU.Build.0 = Release|Any CPU
		{CC859A94-8385-452B-9CA2-1196D25130FD}.Debug|Any CPU.ActiveCfg = Debug|Any CPU
		{CC859A94-8385-452B-9CA2-1196D25130FD}.Debug|Any CPU.Build.0 = Debug|Any CPU
		{CC859A94-8385-452B-9CA2-1196D25130FD}.Release|Any CPU.ActiveCfg = Release|Any CPU
		{CC859A94-8385-452B-9CA2-1196D25130FD}.Release|Any CPU.Build.0 = Release|Any CPU
		{6D255FA0-6DA3-493B-B1A4-B92A3ADAFEBB}.Debug|Any CPU.ActiveCfg = Debug|Any CPU
		{6D255FA0-6DA3-493B-B1A4-B92A3ADAFEBB}.Debug|Any CPU.Build.0 = Debug|Any CPU
		{6D255FA0-6DA3-493B-B1A4-B92A3ADAFEBB}.Release|Any CPU.ActiveCfg = Release|Any CPU
		{6D255FA0-6DA3-493B-B1A4-B92A3ADAFEBB}.Release|Any CPU.Build.0 = Release|Any CPU
		{B93D926E-8A28-4EA4-8385-DC244853AAA3}.Debug|Any CPU.ActiveCfg = Debug|Any CPU
		{B93D926E-8A28-4EA4-8385-DC244853AAA3}.Debug|Any CPU.Build.0 = Debug|Any CPU
		{B93D926E-8A28-4EA4-8385-DC244853AAA3}.Release|Any CPU.ActiveCfg = Release|Any CPU
		{B93D926E-8A28-4EA4-8385-DC244853AAA3}.Release|Any CPU.Build.0 = Release|Any CPU
		{6F682EF7-5271-4943-808F-CCA27229D8B6}.Debug|Any CPU.ActiveCfg = Debug|Any CPU
		{6F682EF7-5271-4943-808F-CCA27229D8B6}.Debug|Any CPU.Build.0 = Debug|Any CPU
		{6F682EF7-5271-4943-808F-CCA27229D8B6}.Release|Any CPU.ActiveCfg = Release|Any CPU
		{6F682EF7-5271-4943-808F-CCA27229D8B6}.Release|Any CPU.Build.0 = Release|Any CPU
		{CB1FFEE8-53D9-4966-BE46-FE34B2F9DDB1}.Debug|Any CPU.ActiveCfg = Debug|Any CPU
		{CB1FFEE8-53D9-4966-BE46-FE34B2F9DDB1}.Debug|Any CPU.Build.0 = Debug|Any CPU
		{CB1FFEE8-53D9-4966-BE46-FE34B2F9DDB1}.Release|Any CPU.ActiveCfg = Release|Any CPU
		{CB1FFEE8-53D9-4966-BE46-FE34B2F9DDB1}.Release|Any CPU.Build.0 = Release|Any CPU
		{9CE766A4-3D0F-4CE2-B829-CA32BA0C4053}.Debug|Any CPU.ActiveCfg = Debug|Any CPU
		{9CE766A4-3D0F-4CE2-B829-CA32BA0C4053}.Debug|Any CPU.Build.0 = Debug|Any CPU
		{9CE766A4-3D0F-4CE2-B829-CA32BA0C4053}.Release|Any CPU.ActiveCfg = Release|Any CPU
		{9CE766A4-3D0F-4CE2-B829-CA32BA0C4053}.Release|Any CPU.Build.0 = Release|Any CPU
		{9BFF5092-3D03-4180-B834-3EF9E48943C6}.Debug|Any CPU.ActiveCfg = Debug|Any CPU
		{9BFF5092-3D03-4180-B834-3EF9E48943C6}.Debug|Any CPU.Build.0 = Debug|Any CPU
		{9BFF5092-3D03-4180-B834-3EF9E48943C6}.Release|Any CPU.ActiveCfg = Release|Any CPU
		{9BFF5092-3D03-4180-B834-3EF9E48943C6}.Release|Any CPU.Build.0 = Release|Any CPU
		{EC5343E0-F9E6-4926-9359-5872271CE14D}.Debug|Any CPU.ActiveCfg = Debug|Any CPU
		{EC5343E0-F9E6-4926-9359-5872271CE14D}.Debug|Any CPU.Build.0 = Debug|Any CPU
		{EC5343E0-F9E6-4926-9359-5872271CE14D}.Release|Any CPU.ActiveCfg = Release|Any CPU
		{EC5343E0-F9E6-4926-9359-5872271CE14D}.Release|Any CPU.Build.0 = Release|Any CPU
		{262DB27A-CA5C-41B4-9353-B300090856E7}.Debug|Any CPU.ActiveCfg = Debug|Any CPU
		{262DB27A-CA5C-41B4-9353-B300090856E7}.Debug|Any CPU.Build.0 = Debug|Any CPU
		{262DB27A-CA5C-41B4-9353-B300090856E7}.Release|Any CPU.ActiveCfg = Release|Any CPU
		{262DB27A-CA5C-41B4-9353-B300090856E7}.Release|Any CPU.Build.0 = Release|Any CPU
		{F1DD71DD-E973-4C8D-889B-839EBD0C29FE}.Debug|Any CPU.ActiveCfg = Debug|Any CPU
		{F1DD71DD-E973-4C8D-889B-839EBD0C29FE}.Debug|Any CPU.Build.0 = Debug|Any CPU
		{F1DD71DD-E973-4C8D-889B-839EBD0C29FE}.Release|Any CPU.ActiveCfg = Release|Any CPU
		{F1DD71DD-E973-4C8D-889B-839EBD0C29FE}.Release|Any CPU.Build.0 = Release|Any CPU
		{E351056F-C7A8-42A7-8B17-64929F8BCEE7}.Debug|Any CPU.ActiveCfg = Debug|Any CPU
		{E351056F-C7A8-42A7-8B17-64929F8BCEE7}.Debug|Any CPU.Build.0 = Debug|Any CPU
		{E351056F-C7A8-42A7-8B17-64929F8BCEE7}.Release|Any CPU.ActiveCfg = Release|Any CPU
		{E351056F-C7A8-42A7-8B17-64929F8BCEE7}.Release|Any CPU.Build.0 = Release|Any CPU
		{F4A048A6-A068-4070-90EF-BE46DFCE45B4}.Debug|Any CPU.ActiveCfg = Debug|Any CPU
		{F4A048A6-A068-4070-90EF-BE46DFCE45B4}.Debug|Any CPU.Build.0 = Debug|Any CPU
		{F4A048A6-A068-4070-90EF-BE46DFCE45B4}.Release|Any CPU.ActiveCfg = Release|Any CPU
		{F4A048A6-A068-4070-90EF-BE46DFCE45B4}.Release|Any CPU.Build.0 = Release|Any CPU
		{D1474C86-D0B0-4D0F-95F7-914577DC7391}.Debug|Any CPU.ActiveCfg = Debug|Any CPU
		{D1474C86-D0B0-4D0F-95F7-914577DC7391}.Debug|Any CPU.Build.0 = Debug|Any CPU
		{D1474C86-D0B0-4D0F-95F7-914577DC7391}.Release|Any CPU.ActiveCfg = Release|Any CPU
		{D1474C86-D0B0-4D0F-95F7-914577DC7391}.Release|Any CPU.Build.0 = Release|Any CPU
		{6ADB0949-1D88-4E90-86A1-D338C9F4E623}.Debug|Any CPU.ActiveCfg = Debug|Any CPU
		{6ADB0949-1D88-4E90-86A1-D338C9F4E623}.Debug|Any CPU.Build.0 = Debug|Any CPU
		{6ADB0949-1D88-4E90-86A1-D338C9F4E623}.Release|Any CPU.ActiveCfg = Release|Any CPU
		{6ADB0949-1D88-4E90-86A1-D338C9F4E623}.Release|Any CPU.Build.0 = Release|Any CPU
		{25E367E5-1FFE-49ED-894A-0798B056FAF9}.Debug|Any CPU.ActiveCfg = Debug|Any CPU
		{25E367E5-1FFE-49ED-894A-0798B056FAF9}.Debug|Any CPU.Build.0 = Debug|Any CPU
		{25E367E5-1FFE-49ED-894A-0798B056FAF9}.Release|Any CPU.ActiveCfg = Release|Any CPU
		{25E367E5-1FFE-49ED-894A-0798B056FAF9}.Release|Any CPU.Build.0 = Release|Any CPU
		{990D9817-8930-4E39-9C60-F2E978A6DFE1}.Debug|Any CPU.ActiveCfg = Debug|Any CPU
		{990D9817-8930-4E39-9C60-F2E978A6DFE1}.Debug|Any CPU.Build.0 = Debug|Any CPU
		{990D9817-8930-4E39-9C60-F2E978A6DFE1}.Release|Any CPU.ActiveCfg = Release|Any CPU
		{990D9817-8930-4E39-9C60-F2E978A6DFE1}.Release|Any CPU.Build.0 = Release|Any CPU
	EndGlobalSection
	GlobalSection(SolutionProperties) = preSolution
		HideSolutionNode = FALSE
	EndGlobalSection
	GlobalSection(NestedProjects) = preSolution
		{2AF4B286-DCEF-47B7-8CAA-C4C0BF0B3FD1} = {D6678A74-708B-484F-8EDC-E78F82C4115B}
		{D3032F89-2570-45D5-9C85-D062A9018139} = {3C243657-6D6C-489A-9A51-14C10EA9CC1D}
		{47B1D565-4244-44BA-A673-5BAB3A2261A8} = {E2B0302D-A2DA-410A-B60C-22B308284AC1}
		{E568119C-E91C-458F-B440-377896771479} = {E2B0302D-A2DA-410A-B60C-22B308284AC1}
		{CC859A94-8385-452B-9CA2-1196D25130FD} = {E2B0302D-A2DA-410A-B60C-22B308284AC1}
		{6D255FA0-6DA3-493B-B1A4-B92A3ADAFEBB} = {BD8ED93A-75B0-479A-9BB6-5CE2FB833FAB}
		{B93D926E-8A28-4EA4-8385-DC244853AAA3} = {BD8ED93A-75B0-479A-9BB6-5CE2FB833FAB}
		{6F682EF7-5271-4943-808F-CCA27229D8B6} = {BD8ED93A-75B0-479A-9BB6-5CE2FB833FAB}
		{CB1FFEE8-53D9-4966-BE46-FE34B2F9DDB1} = {AE6CD9EC-F974-451A-A3AE-3315C9DF64EA}
		{9CE766A4-3D0F-4CE2-B829-CA32BA0C4053} = {AE6CD9EC-F974-451A-A3AE-3315C9DF64EA}
		{9BFF5092-3D03-4180-B834-3EF9E48943C6} = {AE6CD9EC-F974-451A-A3AE-3315C9DF64EA}
		{EC5343E0-F9E6-4926-9359-5872271CE14D} = {922C913B-2441-4E46-9DF8-6658DCF20387}
		{262DB27A-CA5C-41B4-9353-B300090856E7} = {922C913B-2441-4E46-9DF8-6658DCF20387}
		{F1DD71DD-E973-4C8D-889B-839EBD0C29FE} = {922C913B-2441-4E46-9DF8-6658DCF20387}
		{E351056F-C7A8-42A7-8B17-64929F8BCEE7} = {67770398-7665-4C6D-8E2D-163796DFCC88}
		{F4A048A6-A068-4070-90EF-BE46DFCE45B4} = {67770398-7665-4C6D-8E2D-163796DFCC88}
		{D1474C86-D0B0-4D0F-95F7-914577DC7391} = {67770398-7665-4C6D-8E2D-163796DFCC88}
		{6ADB0949-1D88-4E90-86A1-D338C9F4E623} = {B8DB30AB-CF11-4ADC-9A86-9D36337F94FF}
		{25E367E5-1FFE-49ED-894A-0798B056FAF9} = {B8DB30AB-CF11-4ADC-9A86-9D36337F94FF}
		{990D9817-8930-4E39-9C60-F2E978A6DFE1} = {B8DB30AB-CF11-4ADC-9A86-9D36337F94FF}
	EndGlobalSection
	GlobalSection(ExtensibilityGlobals) = postSolution
		SolutionGuid = {5D27D03C-9990-41F6-AC32-64744D7EE694}
	EndGlobalSection
EndGlobal
